{
  "object": {
    "pins": [
      {
        "package": "swift-nio",
        "repositoryURL": "https://github.com/apple/swift-nio.git",
        "state": {
          "branch": null,
          "revision": "4409b57d4c0c40d41ac2b320fccf02e4d451e3db",
          "version": "2.13.0"
        }
      },
      {
        "package": "SwiftCoroutine",
        "repositoryURL": "https://github.com/belozierov/SwiftCoroutine.git",
        "state": {
          "branch": null,
          "revision": "6b3bfcaf4de35280397f324960471b5479eea37c",
          "version": "1.0.6"
        }
      }
    ]
  },
  "version": 1
}
